{
  "name": "psd_customization",
  "version": "1.0.0",
  "lockfileVersion": 1,
  "requires": true,
  "dependencies": {
    "dom-to-image-more": {
      "version": "2.8.0",
      "resolved": "https://registry.npmjs.org/dom-to-image-more/-/dom-to-image-more-2.8.0.tgz",
      "integrity": "sha512-YqlHI1i+TMuaKwkFRO5oDPjC3eWf+6Hln9rHZcnFYvmoXwCrGZmZ7BYXBJOjw5utYg2Lp+QF9YO96F7CsDC4eQ=="
    },
    "jsbarcode": {
      "version": "3.11.0",
      "resolved": "https://registry.npmjs.org/jsbarcode/-/jsbarcode-3.11.0.tgz",
      "integrity": "sha512-/ozCd7wsa+VIHo9sUc03HneVEQrH7cVWfJolUT/WOW1m8mJ2e3iYZje6C9X3LFHdczlesqFHRpxLtbVsNtjyow=="
    }
  }
}
